// !$*UTF8*$!
{
	archiveVersion = 1;
	classes = {
	};
	objectVersion = 55;
	objects = {

/* Begin PBXBuildFile section */
		BBBF08682888831B0076911E /* musicViewController.swift in Sources */ = {isa = PBXBuildFile; fileRef = BBBF08672888831B0076911E /* musicViewController.swift */; };
		BBBF086A288883250076911E /* tipsViewController.swift in Sources */ = {isa = PBXBuildFile; fileRef = BBBF0869288883250076911E /* tipsViewController.swift */; };
		BBBF086C288883C40076911E /* timerViewController.swift in Sources */ = {isa = PBXBuildFile; fileRef = BBBF086B288883C40076911E /* timerViewController.swift */; };
		BBD10DE328874D2B00DA0836 /* AppDelegate.swift in Sources */ = {isa = PBXBuildFile; fileRef = BBD10DE228874D2B00DA0836 /* AppDelegate.swift */; };
		BBD10DE528874D2B00DA0836 /* SceneDelegate.swift in Sources */ = {isa = PBXBuildFile; fileRef = BBD10DE428874D2B00DA0836 /* SceneDelegate.swift */; };
		BBD10DE728874D2B00DA0836 /* ViewController.swift in Sources */ = {isa = PBXBuildFile; fileRef = BBD10DE628874D2B00DA0836 /* ViewController.swift */; };
		BBD10DEA28874D2B00DA0836 /* Main.storyboard in Resources */ = {isa = PBXBuildFile; fileRef = BBD10DE828874D2B00DA0836 /* Main.storyboard */; };
		BBD10DED28874D2B00DA0836 /* Shine.xcdatamodeld in Sources */ = {isa = PBXBuildFile; fileRef = BBD10DEB28874D2B00DA0836 /* Shine.xcdatamodeld */; };
		BBD10DEF28874D2D00DA0836 /* Assets.xcassets in Resources */ = {isa = PBXBuildFile; fileRef = BBD10DEE28874D2D00DA0836 /* Assets.xcassets */; };
		BBD10DF228874D2D00DA0836 /* LaunchScreen.storyboard in Resources */ = {isa = PBXBuildFile; fileRef = BBD10DF028874D2D00DA0836 /* LaunchScreen.storyboard */; };
		BBD10DFD28874D2D00DA0836 /* ShineTests.swift in Sources */ = {isa = PBXBuildFile; fileRef = BBD10DFC28874D2D00DA0836 /* ShineTests.swift */; };
		BBD10E0728874D2D00DA0836 /* ShineUITests.swift in Sources */ = {isa = PBXBuildFile; fileRef = BBD10E0628874D2D00DA0836 /* ShineUITests.swift */; };
		BBD10E0928874D2D00DA0836 /* ShineUITestsLaunchTests.swift in Sources */ = {isa = PBXBuildFile; fileRef = BBD10E0828874D2D00DA0836 /* ShineUITestsLaunchTests.swift */; };
/* End PBXBuildFile section */

/* Begin PBXContainerItemProxy section */
		BBD10DF928874D2D00DA0836 /* PBXContainerItemProxy */ = {
			isa = PBXContainerItemProxy;
			containerPortal = BBD10DD728874D2B00DA0836 /* Project object */;
			proxyType = 1;
			remoteGlobalIDString = BBD10DDE28874D2B00DA0836;
			remoteInfo = Shine;
		};
		BBD10E0328874D2D00DA0836 /* PBXContainerItemProxy */ = {
			isa = PBXContainerItemProxy;
			containerPortal = BBD10DD728874D2B00DA0836 /* Project object */;
			proxyType = 1;
			remoteGlobalIDString = BBD10DDE28874D2B00DA0836;
			remoteInfo = Shine;
		};
/* End PBXContainerItemProxy section */

/* Begin PBXFileReference section */
		BBBF08672888831B0076911E /* musicViewController.swift */ = {isa = PBXFileReference; lastKnownFileType = sourcecode.swift; path = musicViewController.swift; sourceTree = "<group>"; };
		BBBF0869288883250076911E /* tipsViewController.swift */ = {isa = PBXFileReference; lastKnownFileType = sourcecode.swift; path = tipsViewController.swift; sourceTree = "<group>"; };
		BBBF086B288883C40076911E /* timerViewController.swift */ = {isa = PBXFileReference; lastKnownFileType = sourcecode.swift; path = timerViewController.swift; sourceTree = "<group>"; };
		BBD10DDF28874D2B00DA0836 /* Shine.app */ = {isa = PBXFileReference; explicitFileType = wrapper.application; includeInIndex = 0; path = Shine.app; sourceTree = BUILT_PRODUCTS_DIR; };
		BBD10DE228874D2B00DA0836 /* AppDelegate.swift */ = {isa = PBXFileReference; lastKnownFileType = sourcecode.swift; path = AppDelegate.swift; sourceTree = "<group>"; };
		BBD10DE428874D2B00DA0836 /* SceneDelegate.swift */ = {isa = PBXFileReference; lastKnownFileType = sourcecode.swift; path = SceneDelegate.swift; sourceTree = "<group>"; };
		BBD10DE628874D2B00DA0836 /* ViewController.swift */ = {isa = PBXFileReference; lastKnownFileType = sourcecode.swift; path = ViewController.swift; sourceTree = "<group>"; };
		BBD10DE928874D2B00DA0836 /* Base */ = {isa = PBXFileReference; lastKnownFileType = file.storyboard; name = Base; path = Base.lproj/Main.storyboard; sourceTree = "<group>"; };
		BBD10DEC28874D2B00DA0836 /* Shine.xcdatamodel */ = {isa = PBXFileReference; lastKnownFileType = wrapper.xcdatamodel; path = Shine.xcdatamodel; sourceTree = "<group>"; };
		BBD10DEE28874D2D00DA0836 /* Assets.xcassets */ = {isa = PBXFileReference; lastKnownFileType = folder.assetcatalog; path = Assets.xcassets; sourceTree = "<group>"; };
		BBD10DF128874D2D00DA0836 /* Base */ = {isa = PBXFileReference; lastKnownFileType = file.storyboard; name = Base; path = Base.lproj/LaunchScreen.storyboard; sourceTree = "<group>"; };
		BBD10DF328874D2D00DA0836 /* Info.plist */ = {isa = PBXFileReference; lastKnownFileType = text.plist.xml; path = Info.plist; sourceTree = "<group>"; };
		BBD10DF828874D2D00DA0836 /* ShineTests.xctest */ = {isa = PBXFileReference; explicitFileType = wrapper.cfbundle; includeInIndex = 0; path = ShineTests.xctest; sourceTree = BUILT_PRODUCTS_DIR; };
		BBD10DFC28874D2D00DA0836 /* ShineTests.swift */ = {isa = PBXFileReference; lastKnownFileType = sourcecode.swift; path = ShineTests.swift; sourceTree = "<group>"; };
		BBD10E0228874D2D00DA0836 /* ShineUITests.xctest */ = {isa = PBXFileReference; explicitFileType = wrapper.cfbundle; includeInIndex = 0; path = ShineUITests.xctest; sourceTree = BUILT_PRODUCTS_DIR; };
		BBD10E0628874D2D00DA0836 /* ShineUITests.swift */ = {isa = PBXFileReference; lastKnownFileType = sourcecode.swift; path = ShineUITests.swift; sourceTree = "<group>"; };
		BBD10E0828874D2D00DA0836 /* ShineUITestsLaunchTests.swift */ = {isa = PBXFileReference; lastKnownFileType = sourcecode.swift; path = ShineUITestsLaunchTests.swift; sourceTree = "<group>"; };
/* End PBXFileReference section */

/* Begin PBXFrameworksBuildPhase section */
		BBD10DDC28874D2B00DA0836 /* Frameworks */ = {
			isa = PBXFrameworksBuildPhase;
			buildActionMask = 2147483647;
			files = (
			);
			runOnlyForDeploymentPostprocessing = 0;
		};
		BBD10DF528874D2D00DA0836 /* Frameworks */ = {
			isa = PBXFrameworksBuildPhase;
			buildActionMask = 2147483647;
			files = (
			);
			runOnlyForDeploymentPostprocessing = 0;
		};
		BBD10DFF28874D2D00DA0836 /* Frameworks */ = {
			isa = PBXFrameworksBuildPhase;
			buildActionMask = 2147483647;
			files = (
			);
			runOnlyForDeploymentPostprocessing = 0;
		};
/* End PBXFrameworksBuildPhase section */

/* Begin PBXGroup section */
		BBD10DD628874D2B00DA0836 = {
			isa = PBXGroup;
			children = (
				BBD10DE128874D2B00DA0836 /* Shine */,
				BBD10DFB28874D2D00DA0836 /* ShineTests */,
				BBD10E0528874D2D00DA0836 /* ShineUITests */,
				BBD10DE028874D2B00DA0836 /* Products */,
			);
			sourceTree = "<group>";
		};
		BBD10DE028874D2B00DA0836 /* Products */ = {
			isa = PBXGroup;
			children = (
				BBD10DDF28874D2B00DA0836 /* Shine.app */,
				BBD10DF828874D2D00DA0836 /* ShineTests.xctest */,
				BBD10E0228874D2D00DA0836 /* ShineUITests.xctest */,
			);
			name = Products;
			sourceTree = "<group>";
		};
		BBD10DE128874D2B00DA0836 /* Shine */ = {
			isa = PBXGroup;
			children = (
				BBD10DE228874D2B00DA0836 /* AppDelegate.swift */,
				BBD10DE428874D2B00DA0836 /* SceneDelegate.swift */,
				BBD10DE628874D2B00DA0836 /* ViewController.swift */,
				BBBF08672888831B0076911E /* musicViewController.swift */,
				BBBF086B288883C40076911E /* timerViewController.swift */,
				BBBF0869288883250076911E /* tipsViewController.swift */,
				BBD10DE828874D2B00DA0836 /* Main.storyboard */,
				BBD10DEE28874D2D00DA0836 /* Assets.xcassets */,
				BBD10DF028874D2D00DA0836 /* LaunchScreen.storyboard */,
				BBD10DF328874D2D00DA0836 /* Info.plist */,
				BBD10DEB28874D2B00DA0836 /* Shine.xcdatamodeld */,
			);
			path = Shine;
			sourceTree = "<group>";
		};
		BBD10DFB28874D2D00DA0836 /* ShineTests */ = {
			isa = PBXGroup;
			children = (
				BBD10DFC28874D2D00DA0836 /* ShineTests.swift */,
			);
			path = ShineTests;
			sourceTree = "<group>";
		};
		BBD10E0528874D2D00DA0836 /* ShineUITests */ = {
			isa = PBXGroup;
			children = (
				BBD10E0628874D2D00DA0836 /* ShineUITests.swift */,
				BBD10E0828874D2D00DA0836 /* ShineUITestsLaunchTests.swift */,
			);
			path = ShineUITests;
			sourceTree = "<group>";
		};
/* End PBXGroup section */

/* Begin PBXNativeTarget section */
		BBD10DDE28874D2B00DA0836 /* Shine */ = {
			isa = PBXNativeTarget;
			buildConfigurationList = BBD10E0C28874D2D00DA0836 /* Build configuration list for PBXNativeTarget "Shine" */;
			buildPhases = (
				BBD10DDB28874D2B00DA0836 /* Sources */,
				BBD10DDC28874D2B00DA0836 /* Frameworks */,
				BBD10DDD28874D2B00DA0836 /* Resources */,
			);
			buildRules = (
			);
			dependencies = (
			);
			name = Shine;
			productName = Shine;
			productReference = BBD10DDF28874D2B00DA0836 /* Shine.app */;
			productType = "com.apple.product-type.application";
		};
		BBD10DF728874D2D00DA0836 /* ShineTests */ = {
			isa = PBXNativeTarget;
			buildConfigurationList = BBD10E0F28874D2D00DA0836 /* Build configuration list for PBXNativeTarget "ShineTests" */;
			buildPhases = (
				BBD10DF428874D2D00DA0836 /* Sources */,
				BBD10DF528874D2D00DA0836 /* Frameworks */,
				BBD10DF628874D2D00DA0836 /* Resources */,
			);
			buildRules = (
			);
			dependencies = (
				BBD10DFA28874D2D00DA0836 /* PBXTargetDependency */,
			);
			name = ShineTests;
			productName = ShineTests;
			productReference = BBD10DF828874D2D00DA0836 /* ShineTests.xctest */;
			productType = "com.apple.product-type.bundle.unit-test";
		};
		BBD10E0128874D2D00DA0836 /* ShineUITests */ = {
			isa = PBXNativeTarget;
			buildConfigurationList = BBD10E1228874D2D00DA0836 /* Build configuration list for PBXNativeTarget "ShineUITests" */;
			buildPhases = (
				BBD10DFE28874D2D00DA0836 /* Sources */,
				BBD10DFF28874D2D00DA0836 /* Frameworks */,
				BBD10E0028874D2D00DA0836 /* Resources */,
			);
			buildRules = (
			);
			dependencies = (
				BBD10E0428874D2D00DA0836 /* PBXTargetDependency */,
			);
			name = ShineUITests;
			productName = ShineUITests;
			productReference = BBD10E0228874D2D00DA0836 /* ShineUITests.xctest */;
			productType = "com.apple.product-type.bundle.ui-testing";
		};
/* End PBXNativeTarget section */

/* Begin PBXProject section */
		BBD10DD728874D2B00DA0836 /* Project object */ = {
			isa = PBXProject;
			attributes = {
				BuildIndependentTargetsInParallel = 1;
				LastSwiftUpdateCheck = 1340;
				LastUpgradeCheck = 1340;
				TargetAttributes = {
					BBD10DDE28874D2B00DA0836 = {
						CreatedOnToolsVersion = 13.4.1;
					};
					BBD10DF728874D2D00DA0836 = {
						CreatedOnToolsVersion = 13.4.1;
						TestTargetID = BBD10DDE28874D2B00DA0836;
					};
					BBD10E0128874D2D00DA0836 = {
						CreatedOnToolsVersion = 13.4.1;
						TestTargetID = BBD10DDE28874D2B00DA0836;
					};
				};
			};
			buildConfigurationList = BBD10DDA28874D2B00DA0836 /* Build configuration list for PBXProject "Shine" */;
			compatibilityVersion = "Xcode 13.0";
			developmentRegion = en;
			hasScannedForEncodings = 0;
			knownRegions = (
				en,
				Base,
			);
			mainGroup = BBD10DD628874D2B00DA0836;
			productRefGroup = BBD10DE028874D2B00DA0836 /* Products */;
			projectDirPath = "";
			projectRoot = "";
			targets = (
				BBD10DDE28874D2B00DA0836 /* Shine */,
				BBD10DF728874D2D00DA0836 /* ShineTests */,
				BBD10E0128874D2D00DA0836 /* ShineUITests */,
			);
		};
/* End PBXProject section */

/* Begin PBXResourcesBuildPhase section */
		BBD10DDD28874D2B00DA0836 /* Resources */ = {
			isa = PBXResourcesBuildPhase;
			buildActionMask = 2147483647;
			files = (
				BBD10DF228874D2D00DA0836 /* LaunchScreen.storyboard in Resources */,
				BBD10DEF28874D2D00DA0836 /* Assets.xcassets in Resources */,
				BBD10DEA28874D2B00DA0836 /* Main.storyboard in Resources */,
			);
			runOnlyForDeploymentPostprocessing = 0;
		};
		BBD10DF628874D2D00DA0836 /* Resources */ = {
			isa = PBXResourcesBuildPhase;
			buildActionMask = 2147483647;
			files = (
			);
			runOnlyForDeploymentPostprocessing = 0;
		};
		BBD10E0028874D2D00DA0836 /* Resources */ = {
			isa = PBXResourcesBuildPhase;
			buildActionMask = 2147483647;
			files = (
			);
			runOnlyForDeploymentPostprocessing = 0;
		};
/* End PBXResourcesBuildPhase section */

/* Begin PBXSourcesBuildPhase section */
		BBD10DDB28874D2B00DA0836 /* Sources */ = {
			isa = PBXSourcesBuildPhase;
			buildActionMask = 2147483647;
			files = (
				BBD10DE728874D2B00DA0836 /* ViewController.swift in Sources */,
				BBBF08682888831B0076911E /* musicViewController.swift in Sources */,
				BBD10DED28874D2B00DA0836 /* Shine.xcdatamodeld in Sources */,
				BBBF086C288883C40076911E /* timerViewController.swift in Sources */,
				BBBF086A288883250076911E /* tipsViewController.swift in Sources */,
				BBD10DE328874D2B00DA0836 /* AppDelegate.swift in Sources */,
				BBD10DE528874D2B00DA0836 /* SceneDelegate.swift in Sources */,
			);
			runOnlyForDeploymentPostprocessing = 0;
		};
		BBD10DF428874D2D00DA0836 /* Sources */ = {
			isa = PBXSourcesBuildPhase;
			buildActionMask = 2147483647;
			files = (
				BBD10DFD28874D2D00DA0836 /* ShineTests.swift in Sources */,
			);
			runOnlyForDeploymentPostprocessing = 0;
		};
		BBD10DFE28874D2D00DA0836 /* Sources */ = {
			isa = PBXSourcesBuildPhase;
			buildActionMask = 2147483647;
			files = (
				BBD10E0928874D2D00DA0836 /* ShineUITestsLaunchTests.swift in Sources */,
				BBD10E0728874D2D00DA0836 /* ShineUITests.swift in Sources */,
			);
			runOnlyForDeploymentPostprocessing = 0;
		};
/* End PBXSourcesBuildPhase section */

/* Begin PBXTargetDependency section */
		BBD10DFA28874D2D00DA0836 /* PBXTargetDependency */ = {
			isa = PBXTargetDependency;
			target = BBD10DDE28874D2B00DA0836 /* Shine */;
			targetProxy = BBD10DF928874D2D00DA0836 /* PBXContainerItemProxy */;
		};
		BBD10E0428874D2D00DA0836 /* PBXTargetDependency */ = {
			isa = PBXTargetDependency;
			target = BBD10DDE28874D2B00DA0836 /* Shine */;
			targetProxy = BBD10E0328874D2D00DA0836 /* PBXContainerItemProxy */;
		};
/* End PBXTargetDependency section */

/* Begin PBXVariantGroup section */
		BBD10DE828874D2B00DA0836 /* Main.storyboard */ = {
			isa = PBXVariantGroup;
			children = (
				BBD10DE928874D2B00DA0836 /* Base */,
			);
			name = Main.storyboard;
			sourceTree = "<group>";
		};
		BBD10DF028874D2D00DA0836 /* LaunchScreen.storyboard */ = {
			isa = PBXVariantGroup;
			children = (
				BBD10DF128874D2D00DA0836 /* Base */,
			);
			name = LaunchScreen.storyboard;
			sourceTree = "<group>";
		};
/* End PBXVariantGroup section */

/* Begin XCBuildConfiguration section */
		BBD10E0A28874D2D00DA0836 /* Debug */ = {
			isa = XCBuildConfiguration;
			buildSettings = {
				ALWAYS_SEARCH_USER_PATHS = NO;
				CLANG_ANALYZER_NONNULL = YES;
				CLANG_ANALYZER_NUMBER_OBJECT_CONVERSION = YES_AGGRESSIVE;
				CLANG_CXX_LANGUAGE_STANDARD = "gnu++17";
				CLANG_ENABLE_MODULES = YES;
				CLANG_ENABLE_OBJC_ARC = YES;
				CLANG_ENABLE_OBJC_WEAK = YES;
				CLANG_WARN_BLOCK_CAPTURE_AUTORELEASING = YES;
				CLANG_WARN_BOOL_CONVERSION = YES;
				CLANG_WARN_COMMA = YES;
				CLANG_WARN_CONSTANT_CONVERSION = YES;
				CLANG_WARN_DEPRECATED_OBJC_IMPLEMENTATIONS = YES;
				CLANG_WARN_DIRECT_OBJC_ISA_USAGE = YES_ERROR;
				CLANG_WARN_DOCUMENTATION_COMMENTS = YES;
				CLANG_WARN_EMPTY_BODY = YES;
				CLANG_WARN_ENUM_CONVERSION = YES;
				CLANG_WARN_INFINITE_RECURSION = YES;
				CLANG_WARN_INT_CONVERSION = YES;
				CLANG_WARN_NON_LITERAL_NULL_CONVERSION = YES;
				CLANG_WARN_OBJC_IMPLICIT_RETAIN_SELF = YES;
				CLANG_WARN_OBJC_LITERAL_CONVERSION = YES;
				CLANG_WARN_OBJC_ROOT_CLASS = YES_ERROR;
				CLANG_WARN_QUOTED_INCLUDE_IN_FRAMEWORK_HEADER = YES;
				CLANG_WARN_RANGE_LOOP_ANALYSIS = YES;
				CLANG_WARN_STRICT_PROTOTYPES = YES;
				CLANG_WARN_SUSPICIOUS_MOVE = YES;
				CLANG_WARN_UNGUARDED_AVAILABILITY = YES_AGGRESSIVE;
				CLANG_WARN_UNREACHABLE_CODE = YES;
				CLANG_WARN__DUPLICATE_METHOD_MATCH = YES;
				COPY_PHASE_STRIP = NO;
				DEBUG_INFORMATION_FORMAT = dwarf;
				ENABLE_STRICT_OBJC_MSGSEND = YES;
				ENABLE_TESTABILITY = YES;
				GCC_C_LANGUAGE_STANDARD = gnu11;
				GCC_DYNAMIC_NO_PIC = NO;
				GCC_NO_COMMON_BLOCKS = YES;
				GCC_OPTIMIZATION_LEVEL = 0;
				GCC_PREPROCESSOR_DEFINITIONS = (
					"DEBUG=1",
					"$(inherited)",
				);
				GCC_WARN_64_TO_32_BIT_CONVERSION = YES;
				GCC_WARN_ABOUT_RETURN_TYPE = YES_ERROR;
				GCC_WARN_UNDECLARED_SELECTOR = YES;
				GCC_WARN_UNINITIALIZED_AUTOS = YES_AGGRESSIVE;
				GCC_WARN_UNUSED_FUNCTION = YES;
				GCC_WARN_UNUSED_VARIABLE = YES;
				IPHONEOS_DEPLOYMENT_TARGET = 15.5;
				MTL_ENABLE_DEBUG_INFO = INCLUDE_SOURCE;
				MTL_FAST_MATH = YES;
				ONLY_ACTIVE_ARCH = YES;
				SDKROOT = iphoneos;
				SWIFT_ACTIVE_COMPILATION_CONDITIONS = DEBUG;
				SWIFT_OPTIMIZATION_LEVEL = "-Onone";
			};
			name = Debug;
		};
		BBD10E0B28874D2D00DA0836 /* Release */ = {
			isa = XCBuildConfiguration;
			buildSettings = {
				ALWAYS_SEARCH_USER_PATHS = NO;
				CLANG_ANALYZER_NONNULL = YES;
				CLANG_ANALYZER_NUMBER_OBJECT_CONVERSION = YES_AGGRESSIVE;
				CLANG_CXX_LANGUAGE_STANDARD = "gnu++17";
				CLANG_ENABLE_MODULES = YES;
				CLANG_ENABLE_OBJC_ARC = YES;
				CLANG_ENABLE_OBJC_WEAK = YES;
				CLANG_WARN_BLOCK_CAPTURE_AUTORELEASING = YES;
				CLANG_WARN_BOOL_CONVERSION = YES;
				CLANG_WARN_COMMA = YES;
				CLANG_WARN_CONSTANT_CONVERSION = YES;
				CLANG_WARN_DEPRECATED_OBJC_IMPLEMENTATIONS = YES;
				CLANG_WARN_DIRECT_OBJC_ISA_USAGE = YES_ERROR;
				CLANG_WARN_DOCUMENTATION_COMMENTS = YES;
				CLANG_WARN_EMPTY_BODY = YES;
				CLANG_WARN_ENUM_CONVERSION = YES;
				CLANG_WARN_INFINITE_RECURSION = YES;
				CLANG_WARN_INT_CONVERSION = YES;
				CLANG_WARN_NON_LITERAL_NULL_CONVERSION = YES;
				CLANG_WARN_OBJC_IMPLICIT_RETAIN_SELF = YES;
				CLANG_WARN_OBJC_LITERAL_CONVERSION = YES;
				CLANG_WARN_OBJC_ROOT_CLASS = YES_ERROR;
				CLANG_WARN_QUOTED_INCLUDE_IN_FRAMEWORK_HEADER = YES;
				CLANG_WARN_RANGE_LOOP_ANALYSIS = YES;
				CLANG_WARN_STRICT_PROTOTYPES = YES;
				CLANG_WARN_SUSPICIOUS_MOVE = YES;
				CLANG_WARN_UNGUARDED_AVAILABILITY = YES_AGGRESSIVE;
				CLANG_WARN_UNREACHABLE_CODE = YES;
				CLANG_WARN__DUPLICATE_METHOD_MATCH = YES;
				COPY_PHASE_STRIP = NO;
				DEBUG_INFORMATION_FORMAT = "dwarf-with-dsym";
				ENABLE_NS_ASSERTIONS = NO;
				ENABLE_STRICT_OBJC_MSGSEND = YES;
				GCC_C_LANGUAGE_STANDARD = gnu11;
				GCC_NO_COMMON_BLOCKS = YES;
				GCC_WARN_64_TO_32_BIT_CONVERSION = YES;
				GCC_WARN_ABOUT_RETURN_TYPE = YES_ERROR;
				GCC_WARN_UNDECLARED_SELECTOR = YES;
				GCC_WARN_UNINITIALIZED_AUTOS = YES_AGGRESSIVE;
				GCC_WARN_UNUSED_FUNCTION = YES;
				GCC_WARN_UNUSED_VARIABLE = YES;
				IPHONEOS_DEPLOYMENT_TARGET = 15.5;
				MTL_ENABLE_DEBUG_INFO = NO;
				MTL_FAST_MATH = YES;
				SDKROOT = iphoneos;
				SWIFT_COMPILATION_MODE = wholemodule;
				SWIFT_OPTIMIZATION_LEVEL = "-O";
				VALIDATE_PRODUCT = YES;
			};
			name = Release;
		};
		BBD10E0D28874D2D00DA0836 /* Debug */ = {
			isa = XCBuildConfiguration;
			buildSettings = {
				ASSETCATALOG_COMPILER_APPICON_NAME = AppIcon;
				ASSETCATALOG_COMPILER_GLOBAL_ACCENT_COLOR_NAME = AccentColor;
				CODE_SIGN_STYLE = Automatic;
				CURRENT_PROJECT_VERSION = 1;
				DEVELOPMENT_TEAM = S9J4UKB565;
				GENERATE_INFOPLIST_FILE = YES;
				INFOPLIST_FILE = Shine/Info.plist;
				INFOPLIST_KEY_UIApplicationSupportsIndirectInputEvents = YES;
				INFOPLIST_KEY_UILaunchStoryboardName = LaunchScreen;
				INFOPLIST_KEY_UIMainStoryboardFile = Main;
				INFOPLIST_KEY_UISupportedInterfaceOrientations_iPad = "UIInterfaceOrientationPortrait UIInterfaceOrientationPortraitUpsideDown UIInterfaceOrientationLandscapeLeft UIInterfaceOrientationLandscapeRight";
				INFOPLIST_KEY_UISupportedInterfaceOrientations_iPhone = "UIInterfaceOrientationPortrait UIInterfaceOrientationLandscapeLeft UIInterfaceOrientationLandscapeRight";
				LD_RUNPATH_SEARCH_PATHS = (
					"$(inherited)",
					"@executable_path/Frameworks",
				);
				MARKETING_VERSION = 1.0;
				PRODUCT_BUNDLE_IDENTIFIER = KWK.Shine;
				PRODUCT_NAME = "$(TARGET_NAME)";
				SWIFT_EMIT_LOC_STRINGS = YES;
				SWIFT_VERSION = 5.0;
				TARGETED_DEVICE_FAMILY = "1,2";
			};
			name = Debug;
		};
		BBD10E0E28874D2D00DA0836 /* Release */ = {
			isa = XCBuildConfiguration;
			buildSettings = {
				ASSETCATALOG_COMPILER_APPICON_NAME = AppIcon;
				ASSETCATALOG_COMPILER_GLOBAL_ACCENT_COLOR_NAME = AccentColor;
				CODE_SIGN_STYLE = Automatic;
				CURRENT_PROJECT_VERSION = 1;
				DEVELOPMENT_TEAM = S9J4UKB565;
				GENERATE_INFOPLIST_FILE = YES;
				INFOPLIST_FILE = Shine/Info.plist;
				INFOPLIST_KEY_UIApplicationSupportsIndirectInputEvents = YES;
				INFOPLIST_KEY_UILaunchStoryboardName = LaunchScreen;
				INFOPLIST_KEY_UIMainStoryboardFile = Main;
				INFOPLIST_KEY_UISupportedInterfaceOrientations_iPad = "UIInterfaceOrientationPortrait UIInterfaceOrientationPortraitUpsideDown UIInterfaceOrientationLandscapeLeft UIInterfaceOrientationLandscapeRight";
				INFOPLIST_KEY_UISupportedInterfaceOrientations_iPhone = "UIInterfaceOrientationPortrait UIInterfaceOrientationLandscapeLeft UIInterfaceOrientationLandscapeRight";
				LD_RUNPATH_SEARCH_PATHS = (
					"$(inherited)",
					"@executable_path/Frameworks",
				);
				MARKETING_VERSION = 1.0;
				PRODUCT_BUNDLE_IDENTIFIER = KWK.Shine;
				PRODUCT_NAME = "$(TARGET_NAME)";
				SWIFT_EMIT_LOC_STRINGS = YES;
				SWIFT_VERSION = 5.0;
				TARGETED_DEVICE_FAMILY = "1,2";
			};
			name = Release;
		};
		BBD10E1028874D2D00DA0836 /* Debug */ = {
			isa = XCBuildConfiguration;
			buildSettings = {
				ALWAYS_EMBED_SWIFT_STANDARD_LIBRARIES = YES;
				BUNDLE_LOADER = "$(TEST_HOST)";
				CODE_SIGN_STYLE = Automatic;
				CURRENT_PROJECT_VERSION = 1;
				DEVELOPMENT_TEAM = S9J4UKB565;
				GENERATE_INFOPLIST_FILE = YES;
				IPHONEOS_DEPLOYMENT_TARGET = 15.5;
				MARKETING_VERSION = 1.0;
				PRODUCT_BUNDLE_IDENTIFIER = KWK.ShineTests;
				PRODUCT_NAME = "$(TARGET_NAME)";
				SWIFT_EMIT_LOC_STRINGS = NO;
				SWIFT_VERSION = 5.0;
				TARGETED_DEVICE_FAMILY = "1,2";
				TEST_HOST = "$(BUILT_PRODUCTS_DIR)/Shine.app/Shine";
			};
			name = Debug;
		};
		BBD10E1128874D2D00DA0836 /* Release */ = {
			isa = XCBuildConfiguration;
			buildSettings = {
				ALWAYS_EMBED_SWIFT_STANDARD_LIBRARIES = YES;
				BUNDLE_LOADER = "$(TEST_HOST)";
				CODE_SIGN_STYLE = Automatic;
				CURRENT_PROJECT_VERSION = 1;
				DEVELOPMENT_TEAM = S9J4UKB565;
				GENERATE_INFOPLIST_FILE = YES;
				IPHONEOS_DEPLOYMENT_TARGET = 15.5;
				MARKETING_VERSION = 1.0;
				PRODUCT_BUNDLE_IDENTIFIER = KWK.ShineTests;
				PRODUCT_NAME = "$(TARGET_NAME)";
				SWIFT_EMIT_LOC_STRINGS = NO;
				SWIFT_VERSION = 5.0;
				TARGETED_DEVICE_FAMILY = "1,2";
				TEST_HOST = "$(BUILT_PRODUCTS_DIR)/Shine.app/Shine";
			};
			name = Release;
		};
		BBD10E1328874D2D00DA0836 /* Debug */ = {
			isa = XCBuildConfiguration;
			buildSettings = {
				ALWAYS_EMBED_SWIFT_STANDARD_LIBRARIES = YES;
				CODE_SIGN_STYLE = Automatic;
				CURRENT_PROJECT_VERSION = 1;
				DEVELOPMENT_TEAM = S9J4UKB565;
				GENERATE_INFOPLIST_FILE = YES;
				MARKETING_VERSION = 1.0;
				PRODUCT_BUNDLE_IDENTIFIER = KWK.ShineUITests;
				PRODUCT_NAME = "$(TARGET_NAME)";
				SWIFT_EMIT_LOC_STRINGS = NO;
				SWIFT_VERSION = 5.0;
				TARGETED_DEVICE_FAMILY = "1,2";
				TEST_TARGET_NAME = Shine;
			};
			name = Debug;
		};
		BBD10E1428874D2D00DA0836 /* Release */ = {
			isa = XCBuildConfiguration;
			buildSettings = {
				ALWAYS_EMBED_SWIFT_STANDARD_LIBRARIES = YES;
				CODE_SIGN_STYLE = Automatic;
				CURRENT_PROJECT_VERSION = 1;
				DEVELOPMENT_TEAM = S9J4UKB565;
				GENERATE_INFOPLIST_FILE = YES;
				MARKETING_VERSION = 1.0;
				PRODUCT_BUNDLE_IDENTIFIER = KWK.ShineUITests;
				PRODUCT_NAME = "$(TARGET_NAME)";
				SWIFT_EMIT_LOC_STRINGS = NO;
				SWIFT_VERSION = 5.0;
				TARGETED_DEVICE_FAMILY = "1,2";
				TEST_TARGET_NAME = Shine;
			};
			name = Release;
		};
/* End XCBuildConfiguration section */

/* Begin XCConfigurationList section */
		BBD10DDA28874D2B00DA0836 /* Build configuration list for PBXProject "Shine" */ = {
			isa = XCConfigurationList;
			buildConfigurations = (
				BBD10E0A28874D2D00DA0836 /* Debug */,
				BBD10E0B28874D2D00DA0836 /* Release */,
			);
			defaultConfigurationIsVisible = 0;
			defaultConfigurationName = Release;
		};
		BBD10E0C28874D2D00DA0836 /* Build configuration list for PBXNativeTarget "Shine" */ = {
			isa = XCConfigurationList;
			buildConfigurations = (
				BBD10E0D28874D2D00DA0836 /* Debug */,
				BBD10E0E28874D2D00DA0836 /* Release */,
			);
			defaultConfigurationIsVisible = 0;
			defaultConfigurationName = Release;
		};
		BBD10E0F28874D2D00DA0836 /* Build configuration list for PBXNativeTarget "ShineTests" */ = {
			isa = XCConfigurationList;
			buildConfigurations = (
				BBD10E1028874D2D00DA0836 /* Debug */,
				BBD10E1128874D2D00DA0836 /* Release */,
			);
			defaultConfigurationIsVisible = 0;
			defaultConfigurationName = Release;
		};
		BBD10E1228874D2D00DA0836 /* Build configuration list for PBXNativeTarget "ShineUITests" */ = {
			isa = XCConfigurationList;
			buildConfigurations = (
				BBD10E1328874D2D00DA0836 /* Debug */,
				BBD10E1428874D2D00DA0836 /* Release */,
			);
			defaultConfigurationIsVisible = 0;
			defaultConfigurationName = Release;
		};
/* End XCConfigurationList section */

/* Begin XCVersionGroup section */
		BBD10DEB28874D2B00DA0836 /* Shine.xcdatamodeld */ = {
			isa = XCVersionGroup;
			children = (
				BBD10DEC28874D2B00DA0836 /* Shine.xcdatamodel */,
			);
			currentVersion = BBD10DEC28874D2B00DA0836 /* Shine.xcdatamodel */;
			path = Shine.xcdatamodeld;
			sourceTree = "<group>";
			versionGroupType = wrapper.xcdatamodel;
		};
/* End XCVersionGroup section */
	};
	rootObject = BBD10DD728874D2B00DA0836 /* Project object */;
}
